
Microsoft Visual Studio Solution File, Format Version 12.00
# Visual Studio Version 16
VisualStudioVersion = 16.0.30114.105
MinimumVisualStudioVersion = 10.0.40219.1
Project("{FAE04EC0-301F-11D3-BF4B-00C04F79EFBC}") = "MyApp", "MyApp\MyApp.csproj", "{2A083A5E-DA56-4053-8BF4-DEB6977B7BE8}"
EndProject
Project("{FAE04EC0-301F-11D3-BF4B-00C04F79EFBC}") = "MyAppTests", "MyAppTests\MyAppTests.csproj", "{100247CE-ABD4-4CC3-AF44-A32D5A020FAB}"
EndProject
Global
	GlobalSection(SolutionConfigurationPlatforms) = preSolution
		Debug|Any CPU = Debug|Any CPU
		Release|Any CPU = Release|Any CPU
	EndGlobalSection
	GlobalSection(SolutionProperties) = preSolution
		HideSolutionNode = FALSE
	EndGlobalSection
	GlobalSection(ProjectConfigurationPlatforms) = postSolution
		{2A083A5E-DA56-4053-8BF4-DEB6977B7BE8}.Debug|Any CPU.ActiveCfg = Debug|Any CPU
		{2A083A5E-DA56-4053-8BF4-DEB6977B7BE8}.Debug|Any CPU.Build.0 = Debug|Any CPU
		{2A083A5E-DA56-4053-8BF4-DEB6977B7BE8}.Release|Any CPU.ActiveCfg = Release|Any CPU
		{2A083A5E-DA56-4053-8BF4-DEB6977B7BE8}.Release|Any CPU.Build.0 = Release|Any CPU
		{100247CE-ABD4-4CC3-AF44-A32D5A020FAB}.Debug|Any CPU.ActiveCfg = Debug|Any CPU
		{100247CE-ABD4-4CC3-AF44-A32D5A020FAB}.Debug|Any CPU.Build.0 = Debug|Any CPU
		{100247CE-ABD4-4CC3-AF44-A32D5A020FAB}.Release|Any CPU.ActiveCfg = Release|Any CPU
		{100247CE-ABD4-4CC3-AF44-A32D5A020FAB}.Release|Any CPU.Build.0 = Release|Any CPU
	EndGlobalSection
EndGlobal
